
Microsoft Visual Studio Solution File, Format Version 12.00
# Visual Studio Version 16
VisualStudioVersion = 16.0.30309.148
MinimumVisualStudioVersion = 10.0.40219.1
Project("{FAE04EC0-301F-11D3-BF4B-00C04F79EFBC}") = "Sol_Demo", "Sol_Demo\Sol_Demo.csproj", "{94209333-97BD-4CF1-B8E9-4B67A2D05F5A}"
EndProject
Global
	GlobalSection(SolutionConfigurationPlatforms) = preSolution
		Debug|Any CPU = Debug|Any CPU
		Release|Any CPU = Release|Any CPU
	EndGlobalSection
	GlobalSection(ProjectConfigurationPlatforms) = postSolution
		{94209333-97BD-4CF1-B8E9-4B67A2D05F5A}.Debug|Any CPU.ActiveCfg = Debug|Any CPU
		{94209333-97BD-4CF1-B8E9-4B67A2D05F5A}.Debug|Any CPU.Build.0 = Debug|Any CPU
		{94209333-97BD-4CF1-B8E9-4B67A2D05F5A}.Release|Any CPU.ActiveCfg = Release|Any CPU
		{94209333-97BD-4CF1-B8E9-4B67A2D05F5A}.Release|Any CPU.Build.0 = Release|Any CPU
	EndGlobalSection
	GlobalSection(SolutionProperties) = preSolution
		HideSolutionNode = FALSE
	EndGlobalSection
	GlobalSection(ExtensibilityGlobals) = postSolution
		SolutionGuid = {C592CE37-6CE9-4B87-A768-C75C10665C73}
	EndGlobalSection
EndGlobal
